// !$*UTF8*$!
{
	archiveVersion = 1;
	classes = {
	};
	objectVersion = 50;
	objects = {

/* Begin PBXBuildFile section */
		FC18863E23489D9D0082343C /* Assets.xcassets in Resources */ = {isa = PBXBuildFile; fileRef = FC18863D23489D9D0082343C /* Assets.xcassets */; };
		FC18864123489D9D0082343C /* Main.storyboard in Resources */ = {isa = PBXBuildFile; fileRef = FC18863F23489D9D0082343C /* Main.storyboard */; };
		FC18864C23489DBE0082343C /* main.cpp in Sources */ = {isa = PBXBuildFile; fileRef = FC18864B23489DBE0082343C /* main.cpp */; };
		FC18865E23489DE10082343C /* libGLTools.a in Frameworks */ = {isa = PBXBuildFile; fileRef = FC18865D23489DE10082343C /* libGLTools.a */; };
		FC18866123489DFA0082343C /* OpenGL.framework in Frameworks */ = {isa = PBXBuildFile; fileRef = FC18866023489DFA0082343C /* OpenGL.framework */; };
		FC18866323489E0A0082343C /* GLUT.framework in Frameworks */ = {isa = PBXBuildFile; fileRef = FC18866223489E0A0082343C /* GLUT.framework */; };
/* End PBXBuildFile section */

/* Begin PBXFileReference section */
		FC18863423489D9C0082343C /* OpenGLLearning.app */ = {isa = PBXFileReference; explicitFileType = wrapper.application; includeInIndex = 0; path = OpenGLLearning.app; sourceTree = BUILT_PRODUCTS_DIR; };
		FC18863D23489D9D0082343C /* Assets.xcassets */ = {isa = PBXFileReference; lastKnownFileType = folder.assetcatalog; path = Assets.xcassets; sourceTree = "<group>"; };
		FC18864023489D9D0082343C /* Base */ = {isa = PBXFileReference; lastKnownFileType = file.storyboard; name = Base; path = Base.lproj/Main.storyboard; sourceTree = "<group>"; };
		FC18864223489D9D0082343C /* Info.plist */ = {isa = PBXFileReference; lastKnownFileType = text.plist.xml; path = Info.plist; sourceTree = "<group>"; };
		FC18864523489D9D0082343C /* OpenGLLearning.entitlements */ = {isa = PBXFileReference; lastKnownFileType = text.plist.entitlements; path = OpenGLLearning.entitlements; sourceTree = "<group>"; };
		FC18864B23489DBE0082343C /* main.cpp */ = {isa = PBXFileReference; lastKnownFileType = sourcecode.cpp.cpp; path = main.cpp; sourceTree = "<group>"; };
		FC18864E23489DCF0082343C /* GLBatchBase.h */ = {isa = PBXFileReference; fileEncoding = 4; lastKnownFileType = sourcecode.c.h; path = GLBatchBase.h; sourceTree = "<group>"; };
		FC18864F23489DCF0082343C /* math3d.h */ = {isa = PBXFileReference; fileEncoding = 4; lastKnownFileType = sourcecode.c.h; path = math3d.h; sourceTree = "<group>"; };
		FC18865023489DCF0082343C /* GLTriangleBatch.h */ = {isa = PBXFileReference; fileEncoding = 4; lastKnownFileType = sourcecode.c.h; path = GLTriangleBatch.h; sourceTree = "<group>"; };
		FC18865123489DCF0082343C /* GLBatch.h */ = {isa = PBXFileReference; fileEncoding = 4; lastKnownFileType = sourcecode.c.h; path = GLBatch.h; sourceTree = "<group>"; };
		FC18865223489DCF0082343C /* GLMatrixStack.h */ = {isa = PBXFileReference; fileEncoding = 4; lastKnownFileType = sourcecode.c.h; path = GLMatrixStack.h; sourceTree = "<group>"; };
		FC18865323489DCF0082343C /* GLFrame.h */ = {isa = PBXFileReference; fileEncoding = 4; lastKnownFileType = sourcecode.c.h; path = GLFrame.h; sourceTree = "<group>"; };
		FC18865423489DCF0082343C /* GLFrustum.h */ = {isa = PBXFileReference; fileEncoding = 4; lastKnownFileType = sourcecode.c.h; path = GLFrustum.h; sourceTree = "<group>"; };
		FC18865523489DCF0082343C /* GLGeometryTransform.h */ = {isa = PBXFileReference; fileEncoding = 4; lastKnownFileType = sourcecode.c.h; path = GLGeometryTransform.h; sourceTree = "<group>"; };
		FC18865623489DCF0082343C /* GLShaderManager.h */ = {isa = PBXFileReference; fileEncoding = 4; lastKnownFileType = sourcecode.c.h; path = GLShaderManager.h; sourceTree = "<group>"; };
		FC18865723489DCF0082343C /* StopWatch.h */ = {isa = PBXFileReference; fileEncoding = 4; lastKnownFileType = sourcecode.c.h; path = StopWatch.h; sourceTree = "<group>"; };
		FC18865923489DCF0082343C /* glxew.h */ = {isa = PBXFileReference; fileEncoding = 4; lastKnownFileType = sourcecode.c.h; path = glxew.h; sourceTree = "<group>"; };
		FC18865A23489DCF0082343C /* wglew.h */ = {isa = PBXFileReference; fileEncoding = 4; lastKnownFileType = sourcecode.c.h; path = wglew.h; sourceTree = "<group>"; };
		FC18865B23489DCF0082343C /* glew.h */ = {isa = PBXFileReference; fileEncoding = 4; lastKnownFileType = sourcecode.c.h; path = glew.h; sourceTree = "<group>"; };
		FC18865C23489DCF0082343C /* GLTools.h */ = {isa = PBXFileReference; fileEncoding = 4; lastKnownFileType = sourcecode.c.h; path = GLTools.h; sourceTree = "<group>"; };
		FC18865D23489DE10082343C /* libGLTools.a */ = {isa = PBXFileReference; lastKnownFileType = archive.ar; path = libGLTools.a; sourceTree = "<group>"; };
		FC18866023489DFA0082343C /* OpenGL.framework */ = {isa = PBXFileReference; lastKnownFileType = wrapper.framework; name = OpenGL.framework; path = System/Library/Frameworks/OpenGL.framework; sourceTree = SDKROOT; };
		FC18866223489E0A0082343C /* GLUT.framework */ = {isa = PBXFileReference; lastKnownFileType = wrapper.framework; name = GLUT.framework; path = System/Library/Frameworks/GLUT.framework; sourceTree = SDKROOT; };
		FC795E7023901AC3003AB1DB /* UTEnums.h */ = {isa = PBXFileReference; lastKnownFileType = sourcecode.c.h; path = UTEnums.h; sourceTree = "<group>"; };
/* End PBXFileReference section */

/* Begin PBXFrameworksBuildPhase section */
		FC18863123489D9C0082343C /* Frameworks */ = {
			isa = PBXFrameworksBuildPhase;
			buildActionMask = 2147483647;
			files = (
				FC18866323489E0A0082343C /* GLUT.framework in Frameworks */,
				FC18866123489DFA0082343C /* OpenGL.framework in Frameworks */,
				FC18865E23489DE10082343C /* libGLTools.a in Frameworks */,
			);
			runOnlyForDeploymentPostprocessing = 0;
		};
/* End PBXFrameworksBuildPhase section */

/* Begin PBXGroup section */
		FC18862B23489D9C0082343C = {
			isa = PBXGroup;
			children = (
				FC18863623489D9C0082343C /* OpenGLLearning */,
				FC18863523489D9C0082343C /* Products */,
				FC18865F23489DF90082343C /* Frameworks */,
			);
			sourceTree = "<group>";
		};
		FC18863523489D9C0082343C /* Products */ = {
			isa = PBXGroup;
			children = (
				FC18863423489D9C0082343C /* OpenGLLearning.app */,
			);
			name = Products;
			sourceTree = "<group>";
		};
		FC18863623489D9C0082343C /* OpenGLLearning */ = {
			isa = PBXGroup;
			children = (
				FC18864D23489DCF0082343C /* include */,
				FC18863D23489D9D0082343C /* Assets.xcassets */,
				FC18863F23489D9D0082343C /* Main.storyboard */,
				FC18864223489D9D0082343C /* Info.plist */,
				FC18865D23489DE10082343C /* libGLTools.a */,
				FC795E7223901ACD003AB1DB /* Class */,
				FC18864523489D9D0082343C /* OpenGLLearning.entitlements */,
			);
			path = OpenGLLearning;
			sourceTree = "<group>";
		};
		FC18864D23489DCF0082343C /* include */ = {
			isa = PBXGroup;
			children = (
				FC18864E23489DCF0082343C /* GLBatchBase.h */,
				FC18864F23489DCF0082343C /* math3d.h */,
				FC18865023489DCF0082343C /* GLTriangleBatch.h */,
				FC18865123489DCF0082343C /* GLBatch.h */,
				FC18865223489DCF0082343C /* GLMatrixStack.h */,
				FC18865323489DCF0082343C /* GLFrame.h */,
				FC18865423489DCF0082343C /* GLFrustum.h */,
				FC18865523489DCF0082343C /* GLGeometryTransform.h */,
				FC18865623489DCF0082343C /* GLShaderManager.h */,
				FC18865723489DCF0082343C /* StopWatch.h */,
				FC18865823489DCF0082343C /* GL */,
				FC18865C23489DCF0082343C /* GLTools.h */,
			);
			path = include;
			sourceTree = "<group>";
		};
		FC18865823489DCF0082343C /* GL */ = {
			isa = PBXGroup;
			children = (
				FC18865923489DCF0082343C /* glxew.h */,
				FC18865A23489DCF0082343C /* wglew.h */,
				FC18865B23489DCF0082343C /* glew.h */,
			);
			path = GL;
			sourceTree = "<group>";
		};
		FC18865F23489DF90082343C /* Frameworks */ = {
			isa = PBXGroup;
			children = (
				FC18866223489E0A0082343C /* GLUT.framework */,
				FC18866023489DFA0082343C /* OpenGL.framework */,
			);
			name = Frameworks;
			sourceTree = "<group>";
		};
		FC795E7223901ACD003AB1DB /* Class */ = {
			isa = PBXGroup;
			children = (
				FC18864B23489DBE0082343C /* main.cpp */,
				FC795E7023901AC3003AB1DB /* UTEnums.h */,
			);
			path = Class;
			sourceTree = "<group>";
		};
/* End PBXGroup section */

/* Begin PBXNativeTarget section */
		FC18863323489D9C0082343C /* OpenGLLearning */ = {
			isa = PBXNativeTarget;
			buildConfigurationList = FC18864823489D9D0082343C /* Build configuration list for PBXNativeTarget "OpenGLLearning" */;
			buildPhases = (
				FC18863023489D9C0082343C /* Sources */,
				FC18863123489D9C0082343C /* Frameworks */,
				FC18863223489D9C0082343C /* Resources */,
			);
			buildRules = (
			);
			dependencies = (
			);
			name = OpenGLLearning;
			productName = OpenGLLearning;
			productReference = FC18863423489D9C0082343C /* OpenGLLearning.app */;
			productType = "com.apple.product-type.application";
		};
/* End PBXNativeTarget section */

/* Begin PBXProject section */
		FC18862C23489D9C0082343C /* Project object */ = {
			isa = PBXProject;
			attributes = {
				LastUpgradeCheck = 1100;
				ORGANIZATIONNAME = konglee;
				TargetAttributes = {
					FC18863323489D9C0082343C = {
						CreatedOnToolsVersion = 11.0;
					};
				};
			};
			buildConfigurationList = FC18862F23489D9C0082343C /* Build configuration list for PBXProject "OpenGLLearning" */;
			compatibilityVersion = "Xcode 9.3";
			developmentRegion = en;
			hasScannedForEncodings = 0;
			knownRegions = (
				en,
				Base,
			);
			mainGroup = FC18862B23489D9C0082343C;
			productRefGroup = FC18863523489D9C0082343C /* Products */;
			projectDirPath = "";
			projectRoot = "";
			targets = (
				FC18863323489D9C0082343C /* OpenGLLearning */,
			);
		};
/* End PBXProject section */

/* Begin PBXResourcesBuildPhase section */
		FC18863223489D9C0082343C /* Resources */ = {
			isa = PBXResourcesBuildPhase;
			buildActionMask = 2147483647;
			files = (
				FC18863E23489D9D0082343C /* Assets.xcassets in Resources */,
				FC18864123489D9D0082343C /* Main.storyboard in Resources */,
			);
			runOnlyForDeploymentPostprocessing = 0;
		};
/* End PBXResourcesBuildPhase section */

/* Begin PBXSourcesBuildPhase section */
		FC18863023489D9C0082343C /* Sources */ = {
			isa = PBXSourcesBuildPhase;
			buildActionMask = 2147483647;
			files = (
				FC18864C23489DBE0082343C /* main.cpp in Sources */,
			);
			runOnlyForDeploymentPostprocessing = 0;
		};
/* End PBXSourcesBuildPhase section */

/* Begin PBXVariantGroup section */
		FC18863F23489D9D0082343C /* Main.storyboard */ = {
			isa = PBXVariantGroup;
			children = (
				FC18864023489D9D0082343C /* Base */,
			);
			name = Main.storyboard;
			sourceTree = "<group>";
		};
/* End PBXVariantGroup section */

/* Begin XCBuildConfiguration section */
		FC18864623489D9D0082343C /* Debug */ = {
			isa = XCBuildConfiguration;
			buildSettings = {
				ALWAYS_SEARCH_USER_PATHS = NO;
				CLANG_ANALYZER_NONNULL = YES;
				CLANG_ANALYZER_NUMBER_OBJECT_CONVERSION = YES_AGGRESSIVE;
				CLANG_CXX_LANGUAGE_STANDARD = "gnu++14";
				CLANG_CXX_LIBRARY = "libc++";
				CLANG_ENABLE_MODULES = YES;
				CLANG_ENABLE_OBJC_ARC = YES;
				CLANG_ENABLE_OBJC_WEAK = YES;
				CLANG_WARN_BLOCK_CAPTURE_AUTORELEASING = YES;
				CLANG_WARN_BOOL_CONVERSION = YES;
				CLANG_WARN_COMMA = YES;
				CLANG_WARN_CONSTANT_CONVERSION = YES;
				CLANG_WARN_DEPRECATED_OBJC_IMPLEMENTATIONS = YES;
				CLANG_WARN_DIRECT_OBJC_ISA_USAGE = YES_ERROR;
				CLANG_WARN_DOCUMENTATION_COMMENTS = YES;
				CLANG_WARN_EMPTY_BODY = YES;
				CLANG_WARN_ENUM_CONVERSION = YES;
				CLANG_WARN_INFINITE_RECURSION = YES;
				CLANG_WARN_INT_CONVERSION = YES;
				CLANG_WARN_NON_LITERAL_NULL_CONVERSION = YES;
				CLANG_WARN_OBJC_IMPLICIT_RETAIN_SELF = YES;
				CLANG_WARN_OBJC_LITERAL_CONVERSION = YES;
				CLANG_WARN_OBJC_ROOT_CLASS = YES_ERROR;
				CLANG_WARN_RANGE_LOOP_ANALYSIS = YES;
				CLANG_WARN_STRICT_PROTOTYPES = YES;
				CLANG_WARN_SUSPICIOUS_MOVE = YES;
				CLANG_WARN_UNGUARDED_AVAILABILITY = YES_AGGRESSIVE;
				CLANG_WARN_UNREACHABLE_CODE = YES;
				CLANG_WARN__DUPLICATE_METHOD_MATCH = YES;
				COPY_PHASE_STRIP = NO;
				DEBUG_INFORMATION_FORMAT = dwarf;
				ENABLE_STRICT_OBJC_MSGSEND = YES;
				ENABLE_TESTABILITY = YES;
				GCC_C_LANGUAGE_STANDARD = gnu11;
				GCC_DYNAMIC_NO_PIC = NO;
				GCC_NO_COMMON_BLOCKS = YES;
				GCC_OPTIMIZATION_LEVEL = 0;
				GCC_PREPROCESSOR_DEFINITIONS = (
					"DEBUG=1",
					"$(inherited)",
				);
				GCC_WARN_64_TO_32_BIT_CONVERSION = YES;
				GCC_WARN_ABOUT_RETURN_TYPE = YES_ERROR;
				GCC_WARN_UNDECLARED_SELECTOR = YES;
				GCC_WARN_UNINITIALIZED_AUTOS = YES_AGGRESSIVE;
				GCC_WARN_UNUSED_FUNCTION = YES;
				GCC_WARN_UNUSED_VARIABLE = YES;
				MACOSX_DEPLOYMENT_TARGET = 10.10;
				MTL_ENABLE_DEBUG_INFO = INCLUDE_SOURCE;
				MTL_FAST_MATH = YES;
				ONLY_ACTIVE_ARCH = YES;
				SDKROOT = macosx;
			};
			name = Debug;
		};
		FC18864723489D9D0082343C /* Release */ = {
			isa = XCBuildConfiguration;
			buildSettings = {
				ALWAYS_SEARCH_USER_PATHS = NO;
				CLANG_ANALYZER_NONNULL = YES;
				CLANG_ANALYZER_NUMBER_OBJECT_CONVERSION = YES_AGGRESSIVE;
				CLANG_CXX_LANGUAGE_STANDARD = "gnu++14";
				CLANG_CXX_LIBRARY = "libc++";
				CLANG_ENABLE_MODULES = YES;
				CLANG_ENABLE_OBJC_ARC = YES;
				CLANG_ENABLE_OBJC_WEAK = YES;
				CLANG_WARN_BLOCK_CAPTURE_AUTORELEASING = YES;
				CLANG_WARN_BOOL_CONVERSION = YES;
				CLANG_WARN_COMMA = YES;
				CLANG_WARN_CONSTANT_CONVERSION = YES;
				CLANG_WARN_DEPRECATED_OBJC_IMPLEMENTATIONS = YES;
				CLANG_WARN_DIRECT_OBJC_ISA_USAGE = YES_ERROR;
				CLANG_WARN_DOCUMENTATION_COMMENTS = YES;
				CLANG_WARN_EMPTY_BODY = YES;
				CLANG_WARN_ENUM_CONVERSION = YES;
				CLANG_WARN_INFINITE_RECURSION = YES;
				CLANG_WARN_INT_CONVERSION = YES;
				CLANG_WARN_NON_LITERAL_NULL_CONVERSION = YES;
				CLANG_WARN_OBJC_IMPLICIT_RETAIN_SELF = YES;
				CLANG_WARN_OBJC_LITERAL_CONVERSION = YES;
				CLANG_WARN_OBJC_ROOT_CLASS = YES_ERROR;
				CLANG_WARN_RANGE_LOOP_ANALYSIS = YES;
				CLANG_WARN_STRICT_PROTOTYPES = YES;
				CLANG_WARN_SUSPICIOUS_MOVE = YES;
				CLANG_WARN_UNGUARDED_AVAILABILITY = YES_AGGRESSIVE;
				CLANG_WARN_UNREACHABLE_CODE = YES;
				CLANG_WARN__DUPLICATE_METHOD_MATCH = YES;
				COPY_PHASE_STRIP = NO;
				DEBUG_INFORMATION_FORMAT = "dwarf-with-dsym";
				ENABLE_NS_ASSERTIONS = NO;
				ENABLE_STRICT_OBJC_MSGSEND = YES;
				GCC_C_LANGUAGE_STANDARD = gnu11;
				GCC_NO_COMMON_BLOCKS = YES;
				GCC_WARN_64_TO_32_BIT_CONVERSION = YES;
				GCC_WARN_ABOUT_RETURN_TYPE = YES_ERROR;
				GCC_WARN_UNDECLARED_SELECTOR = YES;
				GCC_WARN_UNINITIALIZED_AUTOS = YES_AGGRESSIVE;
				GCC_WARN_UNUSED_FUNCTION = YES;
				GCC_WARN_UNUSED_VARIABLE = YES;
				MACOSX_DEPLOYMENT_TARGET = 10.10;
				MTL_ENABLE_DEBUG_INFO = NO;
				MTL_FAST_MATH = YES;
				SDKROOT = macosx;
			};
			name = Release;
		};
		FC18864923489D9D0082343C /* Debug */ = {
			isa = XCBuildConfiguration;
			buildSettings = {
				ASSETCATALOG_COMPILER_APPICON_NAME = AppIcon;
				CODE_SIGN_ENTITLEMENTS = OpenGLLearning/OpenGLLearning.entitlements;
				CODE_SIGN_STYLE = Automatic;
				COMBINE_HIDPI_IMAGES = YES;
				DEVELOPMENT_TEAM = ML9NWM8SSX;
				ENABLE_HARDENED_RUNTIME = YES;
				INFOPLIST_FILE = OpenGLLearning/Info.plist;
				LD_RUNPATH_SEARCH_PATHS = (
					"$(inherited)",
					"@executable_path/../Frameworks",
				);
				LIBRARY_SEARCH_PATHS = (
					"$(inherited)",
					"$(PROJECT_DIR)/OpenGLLearning",
				);
				MACOSX_DEPLOYMENT_TARGET = 10.10;
				PRODUCT_BUNDLE_IDENTIFIER = com.kong.OpenGLLearning;
				PRODUCT_NAME = "$(TARGET_NAME)";
			};
			name = Debug;
		};
		FC18864A23489D9D0082343C /* Release */ = {
			isa = XCBuildConfiguration;
			buildSettings = {
				ASSETCATALOG_COMPILER_APPICON_NAME = AppIcon;
				CODE_SIGN_ENTITLEMENTS = OpenGLLearning/OpenGLLearning.entitlements;
				CODE_SIGN_STYLE = Automatic;
				COMBINE_HIDPI_IMAGES = YES;
				DEVELOPMENT_TEAM = ML9NWM8SSX;
				ENABLE_HARDENED_RUNTIME = YES;
				INFOPLIST_FILE = OpenGLLearning/Info.plist;
				LD_RUNPATH_SEARCH_PATHS = (
					"$(inherited)",
					"@executable_path/../Frameworks",
				);
				LIBRARY_SEARCH_PATHS = (
					"$(inherited)",
					"$(PROJECT_DIR)/OpenGLLearning",
				);
				MACOSX_DEPLOYMENT_TARGET = 10.10;
				PRODUCT_BUNDLE_IDENTIFIER = com.kong.OpenGLLearning;
				PRODUCT_NAME = "$(TARGET_NAME)";
			};
			name = Release;
		};
/* End XCBuildConfiguration section */

/* Begin XCConfigurationList section */
		FC18862F23489D9C0082343C /* Build configuration list for PBXProject "OpenGLLearning" */ = {
			isa = XCConfigurationList;
			buildConfigurations = (
				FC18864623489D9D0082343C /* Debug */,
				FC18864723489D9D0082343C /* Release */,
			);
			defaultConfigurationIsVisible = 0;
			defaultConfigurationName = Release;
		};
		FC18864823489D9D0082343C /* Build configuration list for PBXNativeTarget "OpenGLLearning" */ = {
			isa = XCConfigurationList;
			buildConfigurations = (
				FC18864923489D9D0082343C /* Debug */,
				FC18864A23489D9D0082343C /* Release */,
			);
			defaultConfigurationIsVisible = 0;
			defaultConfigurationName = Release;
		};
/* End XCConfigurationList section */
	};
	rootObject = FC18862C23489D9C0082343C /* Project object */;
}
